
Microsoft Visual Studio Solution File, Format Version 12.00
# Visual Studio Version 16
VisualStudioVersion = 16.0.30517.126
MinimumVisualStudioVersion = 10.0.40219.1
Project("{FAE04EC0-301F-11D3-BF4B-00C04F79EFBC}") = "WebApplication1", "WebApplication1\WebApplication1.csproj", "{7658EEDA-724F-4309-B234-4E98133EA7B1}"
EndProject
Project("{FAE04EC0-301F-11D3-BF4B-00C04F79EFBC}") = "Common", "Common\Common.csproj", "{ADF47563-9094-4CBC-AD4A-FD3974FFF602}"
EndProject
Project("{FAE04EC0-301F-11D3-BF4B-00C04F79EFBC}") = "Data", "Data\Data.csproj", "{859F7488-D246-41F6-B193-1EEED91B9D5E}"
EndProject
Global
	GlobalSection(SolutionConfigurationPlatforms) = preSolution
		Debug|Any CPU = Debug|Any CPU
		Release|Any CPU = Release|Any CPU
	EndGlobalSection
	GlobalSection(ProjectConfigurationPlatforms) = postSolution
		{7658EEDA-724F-4309-B234-4E98133EA7B1}.Debug|Any CPU.ActiveCfg = Debug|Any CPU
		{7658EEDA-724F-4309-B234-4E98133EA7B1}.Debug|Any CPU.Build.0 = Debug|Any CPU
		{7658EEDA-724F-4309-B234-4E98133EA7B1}.Release|Any CPU.ActiveCfg = Release|Any CPU
		{7658EEDA-724F-4309-B234-4E98133EA7B1}.Release|Any CPU.Build.0 = Release|Any CPU
		{ADF47563-9094-4CBC-AD4A-FD3974FFF602}.Debug|Any CPU.ActiveCfg = Debug|Any CPU
		{ADF47563-9094-4CBC-AD4A-FD3974FFF602}.Debug|Any CPU.Build.0 = Debug|Any CPU
		{ADF47563-9094-4CBC-AD4A-FD3974FFF602}.Release|Any CPU.ActiveCfg = Release|Any CPU
		{ADF47563-9094-4CBC-AD4A-FD3974FFF602}.Release|Any CPU.Build.0 = Release|Any CPU
		{859F7488-D246-41F6-B193-1EEED91B9D5E}.Debug|Any CPU.ActiveCfg = Debug|Any CPU
		{859F7488-D246-41F6-B193-1EEED91B9D5E}.Debug|Any CPU.Build.0 = Debug|Any CPU
		{859F7488-D246-41F6-B193-1EEED91B9D5E}.Release|Any CPU.ActiveCfg = Release|Any CPU
		{859F7488-D246-41F6-B193-1EEED91B9D5E}.Release|Any CPU.Build.0 = Release|Any CPU
	EndGlobalSection
	GlobalSection(SolutionProperties) = preSolution
		HideSolutionNode = FALSE
	EndGlobalSection
	GlobalSection(ExtensibilityGlobals) = postSolution
		SolutionGuid = {EDA67224-3766-464B-B743-6B8BC61C14BB}
	EndGlobalSection
EndGlobal
